PODS:
  - DHXRouter (1.0.1):
    - DHXRouter/HXRegistrationsLoader (= 1.0.1)
  - DHXRouter/HXRegistrationsLoader (1.0.1)
  - HXConvenientListView/Core (1.0.5):
    - Masonry
  - HXUIKits/HXSegmentView (0.0.7):
    - HXConvenientListView/Core
  - Masonry (1.1.0)
  - TestCommunity (1.0.1):
    - DHXRouter

DEPENDENCIES:
  - DHXRouter (from `../`)
  - HXUIKits/HXSegmentView
  - TestCommunity (from `./Community`)

SPEC REPOS:
  https://github.com/CocoaPods/Specs.git:
    - HXConvenientListView
    - HXUIKits
    - Masonry

EXTERNAL SOURCES:
  DHXRouter:
    :path: "../"
  TestCommunity:
    :path: "./Community"

SPEC CHECKSUMS:
  DHXRouter: 353ac0cb135631dc66d128d0ac98151274eea904
  HXConvenientListView: e3fe7f28f5fab78fcd37c000320e1105c0cbcf9f
  HXUIKits: edf53472bbafa510b05d4ca8858fe692905ed01d
  Masonry: 678fab65091a9290e40e2832a55e7ab731aad201
  TestCommunity: b623f6c136a9cb48df8ad1413efa9d8f4cacd18d

PODFILE CHECKSUM: dc7a79bab61ecb9a0a713ac0313398c0e03728fd

COCOAPODS: 1.8.4
